
Microsoft Visual Studio Solution File, Format Version 12.00
# Visual Studio Version 16
VisualStudioVersion = 16.0.31005.135
MinimumVisualStudioVersion = 10.0.40219.1
Project("{FAE04EC0-301F-11D3-BF4B-00C04F79EFBC}") = "HelperServerApp", "HelperServer\HelperServerApp.csproj", "{1B25F76E-95A7-44E5-A704-1F419A3BDBAD}"
EndProject
Project("{FAE04EC0-301F-11D3-BF4B-00C04F79EFBC}") = "HelperServerLib", "HelperServerLib\HelperServerLib.csproj", "{BDA00FA4-5480-4638-901D-280E7F69CCA8}"
EndProject
Project("{FAE04EC0-301F-11D3-BF4B-00C04F79EFBC}") = "HelperShareLib", "HelperShareLib\HelperShareLib.csproj", "{94B3FD3F-556A-4396-A381-A1A41772D889}"
EndProject
Global
	GlobalSection(SolutionConfigurationPlatforms) = preSolution
		Debug|Any CPU = Debug|Any CPU
		Release|Any CPU = Release|Any CPU
	EndGlobalSection
	GlobalSection(ProjectConfigurationPlatforms) = postSolution
		{1B25F76E-95A7-44E5-A704-1F419A3BDBAD}.Debug|Any CPU.ActiveCfg = Debug|Any CPU
		{1B25F76E-95A7-44E5-A704-1F419A3BDBAD}.Debug|Any CPU.Build.0 = Debug|Any CPU
		{1B25F76E-95A7-44E5-A704-1F419A3BDBAD}.Release|Any CPU.ActiveCfg = Release|Any CPU
		{1B25F76E-95A7-44E5-A704-1F419A3BDBAD}.Release|Any CPU.Build.0 = Release|Any CPU
		{BDA00FA4-5480-4638-901D-280E7F69CCA8}.Debug|Any CPU.ActiveCfg = Debug|Any CPU
		{BDA00FA4-5480-4638-901D-280E7F69CCA8}.Debug|Any CPU.Build.0 = Debug|Any CPU
		{BDA00FA4-5480-4638-901D-280E7F69CCA8}.Release|Any CPU.ActiveCfg = Release|Any CPU
		{BDA00FA4-5480-4638-901D-280E7F69CCA8}.Release|Any CPU.Build.0 = Release|Any CPU
		{94B3FD3F-556A-4396-A381-A1A41772D889}.Debug|Any CPU.ActiveCfg = Debug|Any CPU
		{94B3FD3F-556A-4396-A381-A1A41772D889}.Debug|Any CPU.Build.0 = Debug|Any CPU
		{94B3FD3F-556A-4396-A381-A1A41772D889}.Release|Any CPU.ActiveCfg = Release|Any CPU
		{94B3FD3F-556A-4396-A381-A1A41772D889}.Release|Any CPU.Build.0 = Release|Any CPU
	EndGlobalSection
	GlobalSection(SolutionProperties) = preSolution
		HideSolutionNode = FALSE
	EndGlobalSection
	GlobalSection(ExtensibilityGlobals) = postSolution
		SolutionGuid = {CCFE6D8B-3461-4F1C-B7FC-7C3E52A3B809}
	EndGlobalSection
EndGlobal
