
Microsoft Visual Studio Solution File, Format Version 12.00
# Visual Studio Version 16
VisualStudioVersion = 16.0.31005.135
MinimumVisualStudioVersion = 10.0.40219.1
Project("{FAE04EC0-301F-11D3-BF4B-00C04F79EFBC}") = "HelperServerApp", "HelperServer\HelperServerApp.csproj", "{1B25F76E-95A7-44E5-A704-1F419A3BDBAD}"
EndProject
Project("{FAE04EC0-301F-11D3-BF4B-00C04F79EFBC}") = "HelperServerLib", "HelperServerLib\HelperServerLib.csproj", "{BDA00FA4-5480-4638-901D-280E7F69CCA8}"
EndProject
Project("{9A19103F-16F7-4668-BE54-9A1E7A4F7556}") = "HelperShareLib", "HelperShareLib\HelperShareLib.csproj", "{94B3FD3F-556A-4396-A381-A1A41772D889}"
EndProject
Project("{2150E333-8FDC-42A3-9474-1A3956D46DE8}") = "SignalRServer", "SignalRServer", "{EA4CBF9F-FFBE-4556-B6BA-3830989CB255}"
EndProject
Project("{9A19103F-16F7-4668-BE54-9A1E7A4F7556}") = "SignalR.Server", "SignalR.Server\SignalR.Server.csproj", "{83B63C88-62DD-44EA-8C7D-F36D1F3F448D}"
EndProject
Project("{2150E333-8FDC-42A3-9474-1A3956D46DE8}") = "SignaRlClient", "SignaRlClient", "{880B6297-C457-467E-A62A-448DD1557654}"
EndProject
Project("{FAE04EC0-301F-11D3-BF4B-00C04F79EFBC}") = "SignalR.Client", "SignalR.Client\SignalR.Client.csproj", "{5D5280DD-0A1A-464C-9BE9-F34077841D64}"
EndProject
Project("{FAE04EC0-301F-11D3-BF4B-00C04F79EFBC}") = "HelperServer.App", "HelperServer.App\HelperServer.App.csproj", "{39A9B9A9-C145-4234-8357-80089F9FA1F2}"
EndProject
Global
	GlobalSection(SolutionConfigurationPlatforms) = preSolution
		Debug|Any CPU = Debug|Any CPU
		Release|Any CPU = Release|Any CPU
	EndGlobalSection
	GlobalSection(ProjectConfigurationPlatforms) = postSolution
		{1B25F76E-95A7-44E5-A704-1F419A3BDBAD}.Debug|Any CPU.ActiveCfg = Debug|Any CPU
		{1B25F76E-95A7-44E5-A704-1F419A3BDBAD}.Debug|Any CPU.Build.0 = Debug|Any CPU
		{1B25F76E-95A7-44E5-A704-1F419A3BDBAD}.Release|Any CPU.ActiveCfg = Release|Any CPU
		{1B25F76E-95A7-44E5-A704-1F419A3BDBAD}.Release|Any CPU.Build.0 = Release|Any CPU
		{BDA00FA4-5480-4638-901D-280E7F69CCA8}.Debug|Any CPU.ActiveCfg = Debug|Any CPU
		{BDA00FA4-5480-4638-901D-280E7F69CCA8}.Debug|Any CPU.Build.0 = Debug|Any CPU
		{BDA00FA4-5480-4638-901D-280E7F69CCA8}.Release|Any CPU.ActiveCfg = Release|Any CPU
		{BDA00FA4-5480-4638-901D-280E7F69CCA8}.Release|Any CPU.Build.0 = Release|Any CPU
		{94B3FD3F-556A-4396-A381-A1A41772D889}.Debug|Any CPU.ActiveCfg = Debug|Any CPU
		{94B3FD3F-556A-4396-A381-A1A41772D889}.Debug|Any CPU.Build.0 = Debug|Any CPU
		{94B3FD3F-556A-4396-A381-A1A41772D889}.Release|Any CPU.ActiveCfg = Release|Any CPU
		{94B3FD3F-556A-4396-A381-A1A41772D889}.Release|Any CPU.Build.0 = Release|Any CPU
		{83B63C88-62DD-44EA-8C7D-F36D1F3F448D}.Debug|Any CPU.ActiveCfg = Debug|Any CPU
		{83B63C88-62DD-44EA-8C7D-F36D1F3F448D}.Debug|Any CPU.Build.0 = Debug|Any CPU
		{83B63C88-62DD-44EA-8C7D-F36D1F3F448D}.Release|Any CPU.ActiveCfg = Release|Any CPU
		{83B63C88-62DD-44EA-8C7D-F36D1F3F448D}.Release|Any CPU.Build.0 = Release|Any CPU
		{5D5280DD-0A1A-464C-9BE9-F34077841D64}.Debug|Any CPU.ActiveCfg = Debug|Any CPU
		{5D5280DD-0A1A-464C-9BE9-F34077841D64}.Debug|Any CPU.Build.0 = Debug|Any CPU
		{5D5280DD-0A1A-464C-9BE9-F34077841D64}.Release|Any CPU.ActiveCfg = Release|Any CPU
		{5D5280DD-0A1A-464C-9BE9-F34077841D64}.Release|Any CPU.Build.0 = Release|Any CPU
		{39A9B9A9-C145-4234-8357-80089F9FA1F2}.Debug|Any CPU.ActiveCfg = Debug|Any CPU
		{39A9B9A9-C145-4234-8357-80089F9FA1F2}.Debug|Any CPU.Build.0 = Debug|Any CPU
		{39A9B9A9-C145-4234-8357-80089F9FA1F2}.Release|Any CPU.ActiveCfg = Release|Any CPU
		{39A9B9A9-C145-4234-8357-80089F9FA1F2}.Release|Any CPU.Build.0 = Release|Any CPU
	EndGlobalSection
	GlobalSection(SolutionProperties) = preSolution
		HideSolutionNode = FALSE
	EndGlobalSection
	GlobalSection(NestedProjects) = preSolution
		{83B63C88-62DD-44EA-8C7D-F36D1F3F448D} = {EA4CBF9F-FFBE-4556-B6BA-3830989CB255}
		{5D5280DD-0A1A-464C-9BE9-F34077841D64} = {880B6297-C457-467E-A62A-448DD1557654}
	EndGlobalSection
	GlobalSection(ExtensibilityGlobals) = postSolution
		SolutionGuid = {CCFE6D8B-3461-4F1C-B7FC-7C3E52A3B809}
	EndGlobalSection
EndGlobal
